{
  "name": "leetcode",
  "version": "2020.09.29",
  "lockfileVersion": 2,
  "requires": true,
  "packages": {
    "": {
      "name": "leetcode",
      "version": "2020.09.29",
      "devDependencies": {
        "@types/node": "^10.17.50",
        "typescript": "^3.9.7"
      }
    },
    "node_modules/@types/node": {
      "version": "10.17.50",
      "resolved": "https://registry.npmjs.org/@types/node/-/node-10.17.50.tgz",
      "integrity": "sha512-vwX+/ija9xKc/z9VqMCdbf4WYcMTGsI0I/L/6shIF3qXURxZOhPQlPRHtjTpiNhAwn0paMJzlOQqw6mAGEQnTA==",
      "dev": true
    },
    "node_modules/typescript": {
      "version": "3.9.7",
      "resolved": "https://registry.npmjs.org/typescript/-/typescript-3.9.7.tgz",
      "integrity": "sha512-BLbiRkiBzAwsjut4x/dsibSTB6yWpwT5qWmC2OfuCg3GgVQCSgMs4vEctYPhsaGtd0AeuuHMkjZ2h2WG8MSzRw==",
      "dev": true,
      "bin": {
        "tsc": "bin/tsc",
        "tsserver": "bin/tsserver"
      },
      "engines": {
        "node": ">=4.2.0"
      }
    }
  },
  "dependencies": {
    "@types/node": {
      "version": "10.17.50",
      "resolved": "https://registry.npmjs.org/@types/node/-/node-10.17.50.tgz",
      "integrity": "sha512-vwX+/ija9xKc/z9VqMCdbf4WYcMTGsI0I/L/6shIF3qXURxZOhPQlPRHtjTpiNhAwn0paMJzlOQqw6mAGEQnTA==",
      "dev": true
    },
    "typescript": {
      "version": "3.9.7",
      "resolved": "https://registry.npmjs.org/typescript/-/typescript-3.9.7.tgz",
      "integrity": "sha512-BLbiRkiBzAwsjut4x/dsibSTB6yWpwT5qWmC2OfuCg3GgVQCSgMs4vEctYPhsaGtd0AeuuHMkjZ2h2WG8MSzRw==",
      "dev": true
    }
  }
}
